
Microsoft Visual Studio Solution File, Format Version 12.00
# Visual Studio 15
VisualStudioVersion = 15.0.27004.2009
MinimumVisualStudioVersion = 10.0.40219.1
Project("{FAE04EC0-301F-11D3-BF4B-00C04F79EFBC}") = "asyncReadBitmap", "asyncReadBitmap\asyncReadBitmap.csproj", "{6C2B8565-D94A-4200-919C-C07AFDC9E4F0}"
EndProject
Project("{FAE04EC0-301F-11D3-BF4B-00C04F79EFBC}") = "MyOwnProtooocol", "MyOwnProtooocol\MyOwnProtooocol.csproj", "{E1861BEC-8098-4535-BD66-0C17497EE15F}"
EndProject
Project("{FAE04EC0-301F-11D3-BF4B-00C04F79EFBC}") = "ZAD_1", "zad_1\ZAD_1.csproj", "{3C4C3CFF-7264-4815-BD70-DD89564ABC7B}"
EndProject
Project("{FAE04EC0-301F-11D3-BF4B-00C04F79EFBC}") = "ZAD_2", "zad_2\ZAD_2.csproj", "{AE8D4AD6-68BC-4BBC-8FAE-C7FBF3519990}"
EndProject
Project("{FAE04EC0-301F-11D3-BF4B-00C04F79EFBC}") = "ZAD_3", "zad_3\ZAD_3.csproj", "{80E8288F-AC4C-46EF-A5AF-E16A8E693EC2}"
EndProject
Project("{FAE04EC0-301F-11D3-BF4B-00C04F79EFBC}") = "ZAD_4", "zad_4\ZAD_4.csproj", "{9646EB1C-F841-49F0-AAB0-E10CC6D6DAB6}"
EndProject
Project("{FAE04EC0-301F-11D3-BF4B-00C04F79EFBC}") = "ZAD_5", "zad_5\ZAD_5.csproj", "{355E1D9B-F62B-4E12-8F9D-619AD3FCAD14}"
EndProject
Project("{FAE04EC0-301F-11D3-BF4B-00C04F79EFBC}") = "ZAD_6", "zad_6\ZAD_6.csproj", "{F447B2C0-B640-4C04-A32B-D406FFB22E23}"
EndProject
Project("{FAE04EC0-301F-11D3-BF4B-00C04F79EFBC}") = "ZAD_7", "zad_7\ZAD_7.csproj", "{9B5CED3F-CE34-49CC-9560-A4754DCDFA72}"
EndProject
Project("{FAE04EC0-301F-11D3-BF4B-00C04F79EFBC}") = "ZAD_8", "zad_8\ZAD_8.csproj", "{9E4C2500-CB9D-4823-80EF-3339C02AA33F}"
EndProject
Project("{FAE04EC0-301F-11D3-BF4B-00C04F79EFBC}") = "ZAD_TAP", "zad_TAP\ZAD_TAP.csproj", "{1C5B6729-D289-4DA3-AB8B-15D08910EF8A}"
EndProject
Project("{FAE04EC0-301F-11D3-BF4B-00C04F79EFBC}") = "ZAD_TAP_server-client", "zad_TAP_server_client\ZAD_TAP_server-client.csproj", "{7D2913C5-41B9-4C66-B66B-DDAA6CD8AE96}"
EndProject
Global
	GlobalSection(SolutionConfigurationPlatforms) = preSolution
		Debug|Any CPU = Debug|Any CPU
		Release|Any CPU = Release|Any CPU
	EndGlobalSection
	GlobalSection(ProjectConfigurationPlatforms) = postSolution
		{6C2B8565-D94A-4200-919C-C07AFDC9E4F0}.Debug|Any CPU.ActiveCfg = Debug|Any CPU
		{6C2B8565-D94A-4200-919C-C07AFDC9E4F0}.Debug|Any CPU.Build.0 = Debug|Any CPU
		{6C2B8565-D94A-4200-919C-C07AFDC9E4F0}.Release|Any CPU.ActiveCfg = Release|Any CPU
		{6C2B8565-D94A-4200-919C-C07AFDC9E4F0}.Release|Any CPU.Build.0 = Release|Any CPU
		{E1861BEC-8098-4535-BD66-0C17497EE15F}.Debug|Any CPU.ActiveCfg = Debug|Any CPU
		{E1861BEC-8098-4535-BD66-0C17497EE15F}.Debug|Any CPU.Build.0 = Debug|Any CPU
		{E1861BEC-8098-4535-BD66-0C17497EE15F}.Release|Any CPU.ActiveCfg = Release|Any CPU
		{E1861BEC-8098-4535-BD66-0C17497EE15F}.Release|Any CPU.Build.0 = Release|Any CPU
		{3C4C3CFF-7264-4815-BD70-DD89564ABC7B}.Debug|Any CPU.ActiveCfg = Debug|Any CPU
		{3C4C3CFF-7264-4815-BD70-DD89564ABC7B}.Debug|Any CPU.Build.0 = Debug|Any CPU
		{3C4C3CFF-7264-4815-BD70-DD89564ABC7B}.Release|Any CPU.ActiveCfg = Release|Any CPU
		{3C4C3CFF-7264-4815-BD70-DD89564ABC7B}.Release|Any CPU.Build.0 = Release|Any CPU
		{AE8D4AD6-68BC-4BBC-8FAE-C7FBF3519990}.Debug|Any CPU.ActiveCfg = Debug|Any CPU
		{AE8D4AD6-68BC-4BBC-8FAE-C7FBF3519990}.Debug|Any CPU.Build.0 = Debug|Any CPU
		{AE8D4AD6-68BC-4BBC-8FAE-C7FBF3519990}.Release|Any CPU.ActiveCfg = Release|Any CPU
		{AE8D4AD6-68BC-4BBC-8FAE-C7FBF3519990}.Release|Any CPU.Build.0 = Release|Any CPU
		{80E8288F-AC4C-46EF-A5AF-E16A8E693EC2}.Debug|Any CPU.ActiveCfg = Debug|Any CPU
		{80E8288F-AC4C-46EF-A5AF-E16A8E693EC2}.Debug|Any CPU.Build.0 = Debug|Any CPU
		{80E8288F-AC4C-46EF-A5AF-E16A8E693EC2}.Release|Any CPU.ActiveCfg = Release|Any CPU
		{80E8288F-AC4C-46EF-A5AF-E16A8E693EC2}.Release|Any CPU.Build.0 = Release|Any CPU
		{9646EB1C-F841-49F0-AAB0-E10CC6D6DAB6}.Debug|Any CPU.ActiveCfg = Debug|Any CPU
		{9646EB1C-F841-49F0-AAB0-E10CC6D6DAB6}.Debug|Any CPU.Build.0 = Debug|Any CPU
		{9646EB1C-F841-49F0-AAB0-E10CC6D6DAB6}.Release|Any CPU.ActiveCfg = Release|Any CPU
		{9646EB1C-F841-49F0-AAB0-E10CC6D6DAB6}.Release|Any CPU.Build.0 = Release|Any CPU
		{355E1D9B-F62B-4E12-8F9D-619AD3FCAD14}.Debug|Any CPU.ActiveCfg = Debug|Any CPU
		{355E1D9B-F62B-4E12-8F9D-619AD3FCAD14}.Debug|Any CPU.Build.0 = Debug|Any CPU
		{355E1D9B-F62B-4E12-8F9D-619AD3FCAD14}.Release|Any CPU.ActiveCfg = Release|Any CPU
		{355E1D9B-F62B-4E12-8F9D-619AD3FCAD14}.Release|Any CPU.Build.0 = Release|Any CPU
		{F447B2C0-B640-4C04-A32B-D406FFB22E23}.Debug|Any CPU.ActiveCfg = Debug|Any CPU
		{F447B2C0-B640-4C04-A32B-D406FFB22E23}.Debug|Any CPU.Build.0 = Debug|Any CPU
		{F447B2C0-B640-4C04-A32B-D406FFB22E23}.Release|Any CPU.ActiveCfg = Release|Any CPU
		{F447B2C0-B640-4C04-A32B-D406FFB22E23}.Release|Any CPU.Build.0 = Release|Any CPU
		{9B5CED3F-CE34-49CC-9560-A4754DCDFA72}.Debug|Any CPU.ActiveCfg = Debug|Any CPU
		{9B5CED3F-CE34-49CC-9560-A4754DCDFA72}.Debug|Any CPU.Build.0 = Debug|Any CPU
		{9B5CED3F-CE34-49CC-9560-A4754DCDFA72}.Release|Any CPU.ActiveCfg = Release|Any CPU
		{9B5CED3F-CE34-49CC-9560-A4754DCDFA72}.Release|Any CPU.Build.0 = Release|Any CPU
		{9E4C2500-CB9D-4823-80EF-3339C02AA33F}.Debug|Any CPU.ActiveCfg = Debug|Any CPU
		{9E4C2500-CB9D-4823-80EF-3339C02AA33F}.Debug|Any CPU.Build.0 = Debug|Any CPU
		{9E4C2500-CB9D-4823-80EF-3339C02AA33F}.Release|Any CPU.ActiveCfg = Release|Any CPU
		{9E4C2500-CB9D-4823-80EF-3339C02AA33F}.Release|Any CPU.Build.0 = Release|Any CPU
		{1C5B6729-D289-4DA3-AB8B-15D08910EF8A}.Debug|Any CPU.ActiveCfg = Debug|Any CPU
		{1C5B6729-D289-4DA3-AB8B-15D08910EF8A}.Debug|Any CPU.Build.0 = Debug|Any CPU
		{1C5B6729-D289-4DA3-AB8B-15D08910EF8A}.Release|Any CPU.ActiveCfg = Release|Any CPU
		{1C5B6729-D289-4DA3-AB8B-15D08910EF8A}.Release|Any CPU.Build.0 = Release|Any CPU
		{7D2913C5-41B9-4C66-B66B-DDAA6CD8AE96}.Debug|Any CPU.ActiveCfg = Debug|Any CPU
		{7D2913C5-41B9-4C66-B66B-DDAA6CD8AE96}.Debug|Any CPU.Build.0 = Debug|Any CPU
		{7D2913C5-41B9-4C66-B66B-DDAA6CD8AE96}.Release|Any CPU.ActiveCfg = Release|Any CPU
		{7D2913C5-41B9-4C66-B66B-DDAA6CD8AE96}.Release|Any CPU.Build.0 = Release|Any CPU
	EndGlobalSection
	GlobalSection(SolutionProperties) = preSolution
		HideSolutionNode = FALSE
	EndGlobalSection
	GlobalSection(ExtensibilityGlobals) = postSolution
		SolutionGuid = {4103982D-AB90-459F-911D-C290B1BFEE4A}
	EndGlobalSection
EndGlobal
